Microsoft Visual Studio Solution File, Format Version 12.00
# Visual Studio Version 17
VisualStudioVersion = 17.5.2.0
MinimumVisualStudioVersion = 10.0.40219.1
Project("{FAE04EC0-301F-11D3-BF4B-00C04F79EFBC}") = "Wilsite", "Wilsite\Wilsite.csproj", "{EF7EAC3B-2951-0CF0-05CF-EC4F8BE41923}"
EndProject
Global
	GlobalSection(SolutionConfigurationPlatforms) = preSolution
		Debug|Any CPU = Debug|Any CPU
		Release|Any CPU = Release|Any CPU
	EndGlobalSection
	GlobalSection(ProjectConfigurationPlatforms) = postSolution
		{EF7EAC3B-2951-0CF0-05CF-EC4F8BE41923}.Debug|Any CPU.ActiveCfg = Debug|Any CPU
		{EF7EAC3B-2951-0CF0-05CF-EC4F8BE41923}.Debug|Any CPU.Build.0 = Debug|Any CPU
		{EF7EAC3B-2951-0CF0-05CF-EC4F8BE41923}.Release|Any CPU.ActiveCfg = Release|Any CPU
		{EF7EAC3B-2951-0CF0-05CF-EC4F8BE41923}.Release|Any CPU.Build.0 = Release|Any CPU
	EndGlobalSection
	GlobalSection(SolutionProperties) = preSolution
		HideSolutionNode = FALSE
	EndGlobalSection
	GlobalSection(ExtensibilityGlobals) = postSolution
		SolutionGuid = {B79B1192-17BB-4E41-BCB4-CD45606B4861}
	EndGlobalSection
EndGlobal
